
Microsoft Visual Studio Solution File, Format Version 12.00
# Visual Studio Version 17
VisualStudioVersion = 17.14.36202.13 d17.14
MinimumVisualStudioVersion = 10.0.40219.1
Project("{FAE04EC0-301F-11D3-BF4B-00C04F79EFBC}") = "Indicator1", "Indicator1\Indicator1.csproj", "{8742ABFD-1B46-4A7B-BC9A-4B6F31310F56}"
EndProject
Global
	GlobalSection(SolutionConfigurationPlatforms) = preSolution
		Debug|Any CPU = Debug|Any CPU
		Release|Any CPU = Release|Any CPU
	EndGlobalSection
	GlobalSection(ProjectConfigurationPlatforms) = postSolution
		{8742ABFD-1B46-4A7B-BC9A-4B6F31310F56}.Debug|Any CPU.ActiveCfg = Debug|Any CPU
		{8742ABFD-1B46-4A7B-BC9A-4B6F31310F56}.Debug|Any CPU.Build.0 = Debug|Any CPU
		{8742ABFD-1B46-4A7B-BC9A-4B6F31310F56}.Release|Any CPU.ActiveCfg = Release|Any CPU
		{8742ABFD-1B46-4A7B-BC9A-4B6F31310F56}.Release|Any CPU.Build.0 = Release|Any CPU
	EndGlobalSection
	GlobalSection(SolutionProperties) = preSolution
		HideSolutionNode = FALSE
	EndGlobalSection
	GlobalSection(ExtensibilityGlobals) = postSolution
		SolutionGuid = {37E3DC5E-0E98-4DA1-8588-790811A9E1B5}
	EndGlobalSection
EndGlobal
